<?xml version="1.0" encoding="utf-8"?>
<Project ToolsVersion="4.0" xmlns="http://schemas.microsoft.com/developer/msbuild/2003">
  <ItemGroup>
    <ClCompile Include="main.cpp" />
    <ClCompile Include="TileManagerComponent.cpp">
      <Filter>Components</Filter>
    </ClCompile>
    <ClCompile Include="TrainerComponent.cpp">
      <Filter>Components</Filter>
    </ClCompile>
    <ClCompile Include="MovementCommand.cpp">
      <Filter>Commands</Filter>
    </ClCompile>
    <ClCompile Include="PokemonComponent.cpp">
      <Filter>Components</Filter>
    </ClCompile>
    <ClCompile Include="MovementComponent.cpp">
      <Filter>Components</Filter>
    </ClCompile>
    <ClCompile Include="BattleManagerComponent.cpp">
      <Filter>Components</Filter>
    </ClCompile>
    <ClCompile Include="DebugCommands.cpp">
      <Filter>Commands</Filter>
    </ClCompile>
    <ClCompile Include="Helpers.cpp">
      <Filter>Other</Filter>
    </ClCompile>
    <ClCompile Include="Tile.cpp">
      <Filter>Other</Filter>
    </ClCompile>
    <ClCompile Include="Move.cpp">
      <Filter>Other</Filter>
    </ClCompile>
    <ClCompile Include="SelectMoveCommand.cpp">
      <Filter>Commands</Filter>
    </ClCompile>
  </ItemGroup>
  <ItemGroup>
    <Filter Include="Components">
      <UniqueIdentifier>{589c8711-d7d3-4204-97d7-c3cef7f990f8}</UniqueIdentifier>
    </Filter>
    <Filter Include="Commands">
      <UniqueIdentifier>{42f98310-399a-47ea-b814-42de1b159bfd}</UniqueIdentifier>
    </Filter>
    <Filter Include="Other">
      <UniqueIdentifier>{97d28b87-bb20-4709-982f-620f78deb176}</UniqueIdentifier>
    </Filter>
  </ItemGroup>
  <ItemGroup>
    <ClInclude Include="TileManagerComponent.h">
      <Filter>Components</Filter>
    </ClInclude>
    <ClInclude Include="TrainerComponent.h">
      <Filter>Components</Filter>
    </ClInclude>
    <ClInclude Include="MovementCommand.h">
      <Filter>Commands</Filter>
    </ClInclude>
    <ClInclude Include="PokemonComponent.h">
      <Filter>Components</Filter>
    </ClInclude>
    <ClInclude Include="MovementComponent.h">
      <Filter>Components</Filter>
    </ClInclude>
    <ClInclude Include="BattleManagerComponent.h">
      <Filter>Components</Filter>
    </ClInclude>
    <ClInclude Include="DebugCommands.h">
      <Filter>Commands</Filter>
    </ClInclude>
    <ClInclude Include="Helpers.h">
      <Filter>Other</Filter>
    </ClInclude>
    <ClInclude Include="Tile.h">
      <Filter>Other</Filter>
    </ClInclude>
    <ClInclude Include="Enums.h">
      <Filter>Other</Filter>
    </ClInclude>
    <ClInclude Include="Move.h">
      <Filter>Other</Filter>
    </ClInclude>
    <ClInclude Include="SelectMoveCommand.h">
      <Filter>Commands</Filter>
    </ClInclude>
  </ItemGroup>
</Project>